
Microsoft Visual Studio Solution File, Format Version 12.00
# Visual Studio Version 16
VisualStudioVersion = 16.0.30611.23
MinimumVisualStudioVersion = 10.0.40219.1
Project("{8BC9CEB8-8B4A-11D0-8D11-00A0C91BC942}") = "Project7", "Project7\Project7.vcxproj", "{A3582AE5-6C32-4E8A-A6DB-2D6808F12C68}"
EndProject
Project("{8BC9CEB8-8B4A-11D0-8D11-00A0C91BC942}") = "UnitTest2", "UnitTest2\UnitTest2.vcxproj", "{3C98D4C3-36E0-4926-8520-D46977EA6152}"
EndProject
Global
	GlobalSection(SolutionConfigurationPlatforms) = preSolution
		Debug|x64 = Debug|x64
		Debug|x86 = Debug|x86
		Release|x64 = Release|x64
		Release|x86 = Release|x86
	EndGlobalSection
	GlobalSection(ProjectConfigurationPlatforms) = postSolution
		{A3582AE5-6C32-4E8A-A6DB-2D6808F12C68}.Debug|x64.ActiveCfg = Debug|x64
		{A3582AE5-6C32-4E8A-A6DB-2D6808F12C68}.Debug|x64.Build.0 = Debug|x64
		{A3582AE5-6C32-4E8A-A6DB-2D6808F12C68}.Debug|x86.ActiveCfg = Debug|Win32
		{A3582AE5-6C32-4E8A-A6DB-2D6808F12C68}.Debug|x86.Build.0 = Debug|Win32
		{A3582AE5-6C32-4E8A-A6DB-2D6808F12C68}.Release|x64.ActiveCfg = Release|x64
		{A3582AE5-6C32-4E8A-A6DB-2D6808F12C68}.Release|x64.Build.0 = Release|x64
		{A3582AE5-6C32-4E8A-A6DB-2D6808F12C68}.Release|x86.ActiveCfg = Release|Win32
		{A3582AE5-6C32-4E8A-A6DB-2D6808F12C68}.Release|x86.Build.0 = Release|Win32
		{3C98D4C3-36E0-4926-8520-D46977EA6152}.Debug|x64.ActiveCfg = Debug|x64
		{3C98D4C3-36E0-4926-8520-D46977EA6152}.Debug|x64.Build.0 = Debug|x64
		{3C98D4C3-36E0-4926-8520-D46977EA6152}.Debug|x86.ActiveCfg = Debug|Win32
		{3C98D4C3-36E0-4926-8520-D46977EA6152}.Debug|x86.Build.0 = Debug|Win32
		{3C98D4C3-36E0-4926-8520-D46977EA6152}.Release|x64.ActiveCfg = Release|x64
		{3C98D4C3-36E0-4926-8520-D46977EA6152}.Release|x64.Build.0 = Release|x64
		{3C98D4C3-36E0-4926-8520-D46977EA6152}.Release|x86.ActiveCfg = Release|Win32
		{3C98D4C3-36E0-4926-8520-D46977EA6152}.Release|x86.Build.0 = Release|Win32
	EndGlobalSection
	GlobalSection(SolutionProperties) = preSolution
		HideSolutionNode = FALSE
	EndGlobalSection
	GlobalSection(ExtensibilityGlobals) = postSolution
		SolutionGuid = {AA0BBAAC-0ED2-4A66-9C91-412152C0B057}
	EndGlobalSection
EndGlobal
